// !$*UTF8*$!
{
	archiveVersion = 1;
	classes = {
	};
	objectVersion = 48;
	objects = {

/* Begin PBXBuildFile section */
		354C2CCD2018B47300DC055F /* AppDelegate.swift in Sources */ = {isa = PBXBuildFile; fileRef = 354C2CCC2018B47300DC055F /* AppDelegate.swift */; };
		354C2CCF2018B47300DC055F /* ViewController.swift in Sources */ = {isa = PBXBuildFile; fileRef = 354C2CCE2018B47300DC055F /* ViewController.swift */; };
		354C2CD22018B47300DC055F /* Main.storyboard in Resources */ = {isa = PBXBuildFile; fileRef = 354C2CD02018B47300DC055F /* Main.storyboard */; };
		354C2CD42018B47300DC055F /* Assets.xcassets in Resources */ = {isa = PBXBuildFile; fileRef = 354C2CD32018B47300DC055F /* Assets.xcassets */; };
		354C2CD72018B47300DC055F /* LaunchScreen.storyboard in Resources */ = {isa = PBXBuildFile; fileRef = 354C2CD52018B47300DC055F /* LaunchScreen.storyboard */; };
		354C2CE22018B47300DC055F /* BranchingTests.swift in Sources */ = {isa = PBXBuildFile; fileRef = 354C2CE12018B47300DC055F /* BranchingTests.swift */; };
/* End PBXBuildFile section */

/* Begin PBXContainerItemProxy section */
		354C2CDE2018B47300DC055F /* PBXContainerItemProxy */ = {
			isa = PBXContainerItemProxy;
			containerPortal = 354C2CC12018B47300DC055F /* Project object */;
			proxyType = 1;
			remoteGlobalIDString = 354C2CC82018B47300DC055F;
			remoteInfo = Branching;
		};
/* End PBXContainerItemProxy section */

/* Begin PBXFileReference section */
		354C2CC92018B47300DC055F /* Branching.app */ = {isa = PBXFileReference; explicitFileType = wrapper.application; includeInIndex = 0; path = Branching.app; sourceTree = BUILT_PRODUCTS_DIR; };
		354C2CCC2018B47300DC055F /* AppDelegate.swift */ = {isa = PBXFileReference; lastKnownFileType = sourcecode.swift; path = AppDelegate.swift; sourceTree = "<group>"; };
		354C2CCE2018B47300DC055F /* ViewController.swift */ = {isa = PBXFileReference; lastKnownFileType = sourcecode.swift; path = ViewController.swift; sourceTree = "<group>"; };
		354C2CD12018B47300DC055F /* Base */ = {isa = PBXFileReference; lastKnownFileType = file.storyboard; name = Base; path = Base.lproj/Main.storyboard; sourceTree = "<group>"; };
		354C2CD32018B47300DC055F /* Assets.xcassets */ = {isa = PBXFileReference; lastKnownFileType = folder.assetcatalog; path = Assets.xcassets; sourceTree = "<group>"; };
		354C2CD62018B47300DC055F /* Base */ = {isa = PBXFileReference; lastKnownFileType = file.storyboard; name = Base; path = Base.lproj/LaunchScreen.storyboard; sourceTree = "<group>"; };
		354C2CD82018B47300DC055F /* Info.plist */ = {isa = PBXFileReference; lastKnownFileType = text.plist.xml; path = Info.plist; sourceTree = "<group>"; };
		354C2CDD2018B47300DC055F /* BranchingTests.xctest */ = {isa = PBXFileReference; explicitFileType = wrapper.cfbundle; includeInIndex = 0; path = BranchingTests.xctest; sourceTree = BUILT_PRODUCTS_DIR; };
		354C2CE12018B47300DC055F /* BranchingTests.swift */ = {isa = PBXFileReference; lastKnownFileType = sourcecode.swift; path = BranchingTests.swift; sourceTree = "<group>"; };
		354C2CE32018B47300DC055F /* Info.plist */ = {isa = PBXFileReference; lastKnownFileType = text.plist.xml; path = Info.plist; sourceTree = "<group>"; };
/* End PBXFileReference section */

/* Begin PBXFrameworksBuildPhase section */
		354C2CC62018B47300DC055F /* Frameworks */ = {
			isa = PBXFrameworksBuildPhase;
			buildActionMask = 2147483647;
			files = (
			);
			runOnlyForDeploymentPostprocessing = 0;
		};
		354C2CDA2018B47300DC055F /* Frameworks */ = {
			isa = PBXFrameworksBuildPhase;
			buildActionMask = 2147483647;
			files = (
			);
			runOnlyForDeploymentPostprocessing = 0;
		};
/* End PBXFrameworksBuildPhase section */

/* Begin PBXGroup section */
		354C2CC02018B47300DC055F = {
			isa = PBXGroup;
			children = (
				354C2CCB2018B47300DC055F /* Branching */,
				354C2CE02018B47300DC055F /* BranchingTests */,
				354C2CCA2018B47300DC055F /* Products */,
			);
			sourceTree = "<group>";
		};
		354C2CCA2018B47300DC055F /* Products */ = {
			isa = PBXGroup;
			children = (
				354C2CC92018B47300DC055F /* Branching.app */,
				354C2CDD2018B47300DC055F /* BranchingTests.xctest */,
			);
			name = Products;
			sourceTree = "<group>";
		};
		354C2CCB2018B47300DC055F /* Branching */ = {
			isa = PBXGroup;
			children = (
				354C2CCC2018B47300DC055F /* AppDelegate.swift */,
				354C2CCE2018B47300DC055F /* ViewController.swift */,
				354C2CD02018B47300DC055F /* Main.storyboard */,
				354C2CD32018B47300DC055F /* Assets.xcassets */,
				354C2CD52018B47300DC055F /* LaunchScreen.storyboard */,
				354C2CD82018B47300DC055F /* Info.plist */,
			);
			path = Branching;
			sourceTree = "<group>";
		};
		354C2CE02018B47300DC055F /* BranchingTests */ = {
			isa = PBXGroup;
			children = (
				354C2CE12018B47300DC055F /* BranchingTests.swift */,
				354C2CE32018B47300DC055F /* Info.plist */,
			);
			path = BranchingTests;
			sourceTree = "<group>";
		};
/* End PBXGroup section */

/* Begin PBXNativeTarget section */
		354C2CC82018B47300DC055F /* Branching */ = {
			isa = PBXNativeTarget;
			buildConfigurationList = 354C2CE62018B47300DC055F /* Build configuration list for PBXNativeTarget "Branching" */;
			buildPhases = (
				354C2CC52018B47300DC055F /* Sources */,
				354C2CC62018B47300DC055F /* Frameworks */,
				354C2CC72018B47300DC055F /* Resources */,
			);
			buildRules = (
			);
			dependencies = (
			);
			name = Branching;
			productName = Branching;
			productReference = 354C2CC92018B47300DC055F /* Branching.app */;
			productType = "com.apple.product-type.application";
		};
		354C2CDC2018B47300DC055F /* BranchingTests */ = {
			isa = PBXNativeTarget;
			buildConfigurationList = 354C2CE92018B47300DC055F /* Build configuration list for PBXNativeTarget "BranchingTests" */;
			buildPhases = (
				354C2CD92018B47300DC055F /* Sources */,
				354C2CDA2018B47300DC055F /* Frameworks */,
				354C2CDB2018B47300DC055F /* Resources */,
			);
			buildRules = (
			);
			dependencies = (
				354C2CDF2018B47300DC055F /* PBXTargetDependency */,
			);
			name = BranchingTests;
			productName = BranchingTests;
			productReference = 354C2CDD2018B47300DC055F /* BranchingTests.xctest */;
			productType = "com.apple.product-type.bundle.unit-test";
		};
/* End PBXNativeTarget section */

/* Begin PBXProject section */
		354C2CC12018B47300DC055F /* Project object */ = {
			isa = PBXProject;
			attributes = {
				LastSwiftUpdateCheck = 0920;
				LastUpgradeCheck = 0920;
				ORGANIZATIONNAME = Enflick;
				TargetAttributes = {
					354C2CC82018B47300DC055F = {
						CreatedOnToolsVersion = 9.2;
						ProvisioningStyle = Automatic;
					};
					354C2CDC2018B47300DC055F = {
						CreatedOnToolsVersion = 9.2;
						ProvisioningStyle = Automatic;
						TestTargetID = 354C2CC82018B47300DC055F;
					};
				};
			};
			buildConfigurationList = 354C2CC42018B47300DC055F /* Build configuration list for PBXProject "Branching" */;
			compatibilityVersion = "Xcode 8.0";
			developmentRegion = en;
			hasScannedForEncodings = 0;
			knownRegions = (
				en,
				Base,
			);
			mainGroup = 354C2CC02018B47300DC055F;
			productRefGroup = 354C2CCA2018B47300DC055F /* Products */;
			projectDirPath = "";
			projectRoot = "";
			targets = (
				354C2CC82018B47300DC055F /* Branching */,
				354C2CDC2018B47300DC055F /* BranchingTests */,
			);
		};
/* End PBXProject section */

/* Begin PBXResourcesBuildPhase section */
		354C2CC72018B47300DC055F /* Resources */ = {
			isa = PBXResourcesBuildPhase;
			buildActionMask = 2147483647;
			files = (
				354C2CD72018B47300DC055F /* LaunchScreen.storyboard in Resources */,
				354C2CD42018B47300DC055F /* Assets.xcassets in Resources */,
				354C2CD22018B47300DC055F /* Main.storyboard in Resources */,
			);
			runOnlyForDeploymentPostprocessing = 0;
		};
		354C2CDB2018B47300DC055F /* Resources */ = {
			isa = PBXResourcesBuildPhase;
			buildActionMask = 2147483647;
			files = (
			);
			runOnlyForDeploymentPostprocessing = 0;
		};
/* End PBXResourcesBuildPhase section */

/* Begin PBXSourcesBuildPhase section */
		354C2CC52018B47300DC055F /* Sources */ = {
			isa = PBXSourcesBuildPhase;
			buildActionMask = 2147483647;
			files = (
				354C2CCF2018B47300DC055F /* ViewController.swift in Sources */,
				354C2CCD2018B47300DC055F /* AppDelegate.swift in Sources */,
			);
			runOnlyForDeploymentPostprocessing = 0;
		};
		354C2CD92018B47300DC055F /* Sources */ = {
			isa = PBXSourcesBuildPhase;
			buildActionMask = 2147483647;
			files = (
				354C2CE22018B47300DC055F /* BranchingTests.swift in Sources */,
			);
			runOnlyForDeploymentPostprocessing = 0;
		};
/* End PBXSourcesBuildPhase section */

/* Begin PBXTargetDependency section */
		354C2CDF2018B47300DC055F /* PBXTargetDependency */ = {
			isa = PBXTargetDependency;
			target = 354C2CC82018B47300DC055F /* Branching */;
			targetProxy = 354C2CDE2018B47300DC055F /* PBXContainerItemProxy */;
		};
/* End PBXTargetDependency section */

/* Begin PBXVariantGroup section */
		354C2CD02018B47300DC055F /* Main.storyboard */ = {
			isa = PBXVariantGroup;
			children = (
				354C2CD12018B47300DC055F /* Base */,
			);
			name = Main.storyboard;
			sourceTree = "<group>";
		};
		354C2CD52018B47300DC055F /* LaunchScreen.storyboard */ = {
			isa = PBXVariantGroup;
			children = (
				354C2CD62018B47300DC055F /* Base */,
			);
			name = LaunchScreen.storyboard;
			sourceTree = "<group>";
		};
/* End PBXVariantGroup section */

/* Begin XCBuildConfiguration section */
		354C2CE42018B47300DC055F /* Debug */ = {
			isa = XCBuildConfiguration;
			buildSettings = {
				ALWAYS_SEARCH_USER_PATHS = NO;
				CLANG_ANALYZER_NONNULL = YES;
				CLANG_ANALYZER_NUMBER_OBJECT_CONVERSION = YES_AGGRESSIVE;
				CLANG_CXX_LANGUAGE_STANDARD = "gnu++14";
				CLANG_CXX_LIBRARY = "libc++";
				CLANG_ENABLE_MODULES = YES;
				CLANG_ENABLE_OBJC_ARC = YES;
				CLANG_WARN_BLOCK_CAPTURE_AUTORELEASING = YES;
				CLANG_WARN_BOOL_CONVERSION = YES;
				CLANG_WARN_COMMA = YES;
				CLANG_WARN_CONSTANT_CONVERSION = YES;
				CLANG_WARN_DIRECT_OBJC_ISA_USAGE = YES_ERROR;
				CLANG_WARN_DOCUMENTATION_COMMENTS = YES;
				CLANG_WARN_EMPTY_BODY = YES;
				CLANG_WARN_ENUM_CONVERSION = YES;
				CLANG_WARN_INFINITE_RECURSION = YES;
				CLANG_WARN_INT_CONVERSION = YES;
				CLANG_WARN_NON_LITERAL_NULL_CONVERSION = YES;
				CLANG_WARN_OBJC_LITERAL_CONVERSION = YES;
				CLANG_WARN_OBJC_ROOT_CLASS = YES_ERROR;
				CLANG_WARN_RANGE_LOOP_ANALYSIS = YES;
				CLANG_WARN_STRICT_PROTOTYPES = YES;
				CLANG_WARN_SUSPICIOUS_MOVE = YES;
				CLANG_WARN_UNGUARDED_AVAILABILITY = YES_AGGRESSIVE;
				CLANG_WARN_UNREACHABLE_CODE = YES;
				CLANG_WARN__DUPLICATE_METHOD_MATCH = YES;
				CODE_SIGN_IDENTITY = "iPhone Developer";
				COPY_PHASE_STRIP = NO;
				DEBUG_INFORMATION_FORMAT = dwarf;
				ENABLE_STRICT_OBJC_MSGSEND = YES;
				ENABLE_TESTABILITY = YES;
				GCC_C_LANGUAGE_STANDARD = gnu11;
				GCC_DYNAMIC_NO_PIC = NO;
				GCC_NO_COMMON_BLOCKS = YES;
				GCC_OPTIMIZATION_LEVEL = 0;
				GCC_PREPROCESSOR_DEFINITIONS = (
					"DEBUG=1",
					"$(inherited)",
				);
				GCC_WARN_64_TO_32_BIT_CONVERSION = YES;
				GCC_WARN_ABOUT_RETURN_TYPE = YES_ERROR;
				GCC_WARN_UNDECLARED_SELECTOR = YES;
				GCC_WARN_UNINITIALIZED_AUTOS = YES_AGGRESSIVE;
				GCC_WARN_UNUSED_FUNCTION = YES;
				GCC_WARN_UNUSED_VARIABLE = YES;
				IPHONEOS_DEPLOYMENT_TARGET = 11.2;
				MTL_ENABLE_DEBUG_INFO = YES;
				ONLY_ACTIVE_ARCH = YES;
				SDKROOT = iphoneos;
				SWIFT_ACTIVE_COMPILATION_CONDITIONS = DEBUG;
				SWIFT_OPTIMIZATION_LEVEL = "-Onone";
			};
			name = Debug;
		};
		354C2CE52018B47300DC055F /* Release */ = {
			isa = XCBuildConfiguration;
			buildSettings = {
				ALWAYS_SEARCH_USER_PATHS = NO;
				CLANG_ANALYZER_NONNULL = YES;
				CLANG_ANALYZER_NUMBER_OBJECT_CONVERSION = YES_AGGRESSIVE;
				CLANG_CXX_LANGUAGE_STANDARD = "gnu++14";
				CLANG_CXX_LIBRARY = "libc++";
				CLANG_ENABLE_MODULES = YES;
				CLANG_ENABLE_OBJC_ARC = YES;
				CLANG_WARN_BLOCK_CAPTURE_AUTORELEASING = YES;
				CLANG_WARN_BOOL_CONVERSION = YES;
				CLANG_WARN_COMMA = YES;
				CLANG_WARN_CONSTANT_CONVERSION = YES;
				CLANG_WARN_DIRECT_OBJC_ISA_USAGE = YES_ERROR;
				CLANG_WARN_DOCUMENTATION_COMMENTS = YES;
				CLANG_WARN_EMPTY_BODY = YES;
				CLANG_WARN_ENUM_CONVERSION = YES;
				CLANG_WARN_INFINITE_RECURSION = YES;
				CLANG_WARN_INT_CONVERSION = YES;
				CLANG_WARN_NON_LITERAL_NULL_CONVERSION = YES;
				CLANG_WARN_OBJC_LITERAL_CONVERSION = YES;
				CLANG_WARN_OBJC_ROOT_CLASS = YES_ERROR;
				CLANG_WARN_RANGE_LOOP_ANALYSIS = YES;
				CLANG_WARN_STRICT_PROTOTYPES = YES;
				CLANG_WARN_SUSPICIOUS_MOVE = YES;
				CLANG_WARN_UNGUARDED_AVAILABILITY = YES_AGGRESSIVE;
				CLANG_WARN_UNREACHABLE_CODE = YES;
				CLANG_WARN__DUPLICATE_METHOD_MATCH = YES;
				CODE_SIGN_IDENTITY = "iPhone Developer";
				COPY_PHASE_STRIP = NO;
				DEBUG_INFORMATION_FORMAT = "dwarf-with-dsym";
				ENABLE_NS_ASSERTIONS = NO;
				ENABLE_STRICT_OBJC_MSGSEND = YES;
				GCC_C_LANGUAGE_STANDARD = gnu11;
				GCC_NO_COMMON_BLOCKS = YES;
				GCC_WARN_64_TO_32_BIT_CONVERSION = YES;
				GCC_WARN_ABOUT_RETURN_TYPE = YES_ERROR;
				GCC_WARN_UNDECLARED_SELECTOR = YES;
				GCC_WARN_UNINITIALIZED_AUTOS = YES_AGGRESSIVE;
				GCC_WARN_UNUSED_FUNCTION = YES;
				GCC_WARN_UNUSED_VARIABLE = YES;
				IPHONEOS_DEPLOYMENT_TARGET = 11.2;
				MTL_ENABLE_DEBUG_INFO = NO;
				SDKROOT = iphoneos;
				SWIFT_OPTIMIZATION_LEVEL = "-Owholemodule";
				VALIDATE_PRODUCT = YES;
			};
			name = Release;
		};
		354C2CE72018B47300DC055F /* Debug */ = {
			isa = XCBuildConfiguration;
			buildSettings = {
				ASSETCATALOG_COMPILER_APPICON_NAME = AppIcon;
				CODE_SIGN_STYLE = Automatic;
				CURRENT_PROJECT_VERSION = 1.0.8.1;
				DEVELOPMENT_TEAM = 46H57CBD4Q;
				INFOPLIST_FILE = Branching/Info.plist;
				LD_RUNPATH_SEARCH_PATHS = "$(inherited) @executable_path/Frameworks";
				PRODUCT_BUNDLE_IDENTIFIER = com.tinginteractive.Branching;
				PRODUCT_NAME = "$(TARGET_NAME)";
				SWIFT_VERSION = 4.0;
				TARGETED_DEVICE_FAMILY = "1,2";
				VERSIONING_SYSTEM = "apple-generic";
			};
			name = Debug;
		};
		354C2CE82018B47300DC055F /* Release */ = {
			isa = XCBuildConfiguration;
			buildSettings = {
				ASSETCATALOG_COMPILER_APPICON_NAME = AppIcon;
				CODE_SIGN_STYLE = Automatic;
				CURRENT_PROJECT_VERSION = 1.0.8.1;
				DEVELOPMENT_TEAM = 46H57CBD4Q;
				INFOPLIST_FILE = Branching/Info.plist;
				LD_RUNPATH_SEARCH_PATHS = "$(inherited) @executable_path/Frameworks";
				PRODUCT_BUNDLE_IDENTIFIER = com.tinginteractive.Branching;
				PRODUCT_NAME = "$(TARGET_NAME)";
				SWIFT_VERSION = 4.0;
				TARGETED_DEVICE_FAMILY = "1,2";
				VERSIONING_SYSTEM = "apple-generic";
			};
			name = Release;
		};
		354C2CEA2018B47300DC055F /* Debug */ = {
			isa = XCBuildConfiguration;
			buildSettings = {
				ALWAYS_EMBED_SWIFT_STANDARD_LIBRARIES = YES;
				BUNDLE_LOADER = "$(TEST_HOST)";
				CODE_SIGN_STYLE = Automatic;
				DEVELOPMENT_TEAM = 46H57CBD4Q;
				INFOPLIST_FILE = BranchingTests/Info.plist;
				LD_RUNPATH_SEARCH_PATHS = "$(inherited) @executable_path/Frameworks @loader_path/Frameworks";
				PRODUCT_BUNDLE_IDENTIFIER = com.tinginteractive.BranchingTests;
				PRODUCT_NAME = "$(TARGET_NAME)";
				SWIFT_VERSION = 4.0;
				TARGETED_DEVICE_FAMILY = "1,2";
				TEST_HOST = "$(BUILT_PRODUCTS_DIR)/Branching.app/Branching";
			};
			name = Debug;
		};
		354C2CEB2018B47300DC055F /* Release */ = {
			isa = XCBuildConfiguration;
			buildSettings = {
				ALWAYS_EMBED_SWIFT_STANDARD_LIBRARIES = YES;
				BUNDLE_LOADER = "$(TEST_HOST)";
				CODE_SIGN_STYLE = Automatic;
				DEVELOPMENT_TEAM = 46H57CBD4Q;
				INFOPLIST_FILE = BranchingTests/Info.plist;
				LD_RUNPATH_SEARCH_PATHS = "$(inherited) @executable_path/Frameworks @loader_path/Frameworks";
				PRODUCT_BUNDLE_IDENTIFIER = com.tinginteractive.BranchingTests;
				PRODUCT_NAME = "$(TARGET_NAME)";
				SWIFT_VERSION = 4.0;
				TARGETED_DEVICE_FAMILY = "1,2";
				TEST_HOST = "$(BUILT_PRODUCTS_DIR)/Branching.app/Branching";
			};
			name = Release;
		};
/* End XCBuildConfiguration section */

/* Begin XCConfigurationList section */
		354C2CC42018B47300DC055F /* Build configuration list for PBXProject "Branching" */ = {
			isa = XCConfigurationList;
			buildConfigurations = (
				354C2CE42018B47300DC055F /* Debug */,
				354C2CE52018B47300DC055F /* Release */,
			);
			defaultConfigurationIsVisible = 0;
			defaultConfigurationName = Release;
		};
		354C2CE62018B47300DC055F /* Build configuration list for PBXNativeTarget "Branching" */ = {
			isa = XCConfigurationList;
			buildConfigurations = (
				354C2CE72018B47300DC055F /* Debug */,
				354C2CE82018B47300DC055F /* Release */,
			);
			defaultConfigurationIsVisible = 0;
			defaultConfigurationName = Release;
		};
		354C2CE92018B47300DC055F /* Build configuration list for PBXNativeTarget "BranchingTests" */ = {
			isa = XCConfigurationList;
			buildConfigurations = (
				354C2CEA2018B47300DC055F /* Debug */,
				354C2CEB2018B47300DC055F /* Release */,
			);
			defaultConfigurationIsVisible = 0;
			defaultConfigurationName = Release;
		};
/* End XCConfigurationList section */
	};
	rootObject = 354C2CC12018B47300DC055F /* Project object */;
}
